// !$*UTF8*$!
{
	archiveVersion = 1;
	classes = {
	};
	objectVersion = 46;
	objects = {

/* Begin PBXBuildFile section */
		06FC93BE199CB66300968309 /* Foundation.framework in Frameworks */ = {isa = PBXBuildFile; fileRef = 06FC93BD199CB66300968309 /* Foundation.framework */; };
		06FC93C0199CB66300968309 /* CoreGraphics.framework in Frameworks */ = {isa = PBXBuildFile; fileRef = 06FC93BF199CB66300968309 /* CoreGraphics.framework */; };
		06FC93C2199CB66300968309 /* UIKit.framework in Frameworks */ = {isa = PBXBuildFile; fileRef = 06FC93C1199CB66300968309 /* UIKit.framework */; };
		06FC93C8199CB66300968309 /* InfoPlist.strings in Resources */ = {isa = PBXBuildFile; fileRef = 06FC93C6199CB66300968309 /* InfoPlist.strings */; };
		06FC93CA199CB66300968309 /* main.m in Sources */ = {isa = PBXBuildFile; fileRef = 06FC93C9199CB66300968309 /* main.m */; };
		06FC93CE199CB66300968309 /* RBTAppDelegate.m in Sources */ = {isa = PBXBuildFile; fileRef = 06FC93CD199CB66300968309 /* RBTAppDelegate.m */; };
		06FC93D0199CB66300968309 /* Images.xcassets in Resources */ = {isa = PBXBuildFile; fileRef = 06FC93CF199CB66300968309 /* Images.xcassets */; };
		06FC93D7199CB66300968309 /* XCTest.framework in Frameworks */ = {isa = PBXBuildFile; fileRef = 06FC93D6199CB66300968309 /* XCTest.framework */; };
		06FC93D8199CB66300968309 /* Foundation.framework in Frameworks */ = {isa = PBXBuildFile; fileRef = 06FC93BD199CB66300968309 /* Foundation.framework */; };
		06FC93D9199CB66300968309 /* UIKit.framework in Frameworks */ = {isa = PBXBuildFile; fileRef = 06FC93C1199CB66300968309 /* UIKit.framework */; };
		06FC93E1199CB66300968309 /* InfoPlist.strings in Resources */ = {isa = PBXBuildFile; fileRef = 06FC93DF199CB66300968309 /* InfoPlist.strings */; };
		06FC93E3199CB66300968309 /* RibotChallengeTests.m in Sources */ = {isa = PBXBuildFile; fileRef = 06FC93E2199CB66300968309 /* RibotChallengeTests.m */; };
		06FC93F1199CC8C400968309 /* MainStoryboard.storyboard in Resources */ = {isa = PBXBuildFile; fileRef = 06FC93F0199CC8C400968309 /* MainStoryboard.storyboard */; };
		06FC93F7199CC9D600968309 /* RBTMembersCollectionViewController.m in Sources */ = {isa = PBXBuildFile; fileRef = 06FC93F6199CC9D600968309 /* RBTMembersCollectionViewController.m */; };
		06FC93FA199CCB9200968309 /* RBTRibotCell.m in Sources */ = {isa = PBXBuildFile; fileRef = 06FC93F9199CCB9200968309 /* RBTRibotCell.m */; };
		06FC93FC199CCBB900968309 /* RBTRibotCell.xib in Resources */ = {isa = PBXBuildFile; fileRef = 06FC93FB199CCBB900968309 /* RBTRibotCell.xib */; };
		06FC93FF199CD1E900968309 /* RBTServiceCoordinator.m in Sources */ = {isa = PBXBuildFile; fileRef = 06FC93FE199CD1E900968309 /* RBTServiceCoordinator.m */; };
		06FC9402199CD29700968309 /* RBTRibot.m in Sources */ = {isa = PBXBuildFile; fileRef = 06FC9401199CD29700968309 /* RBTRibot.m */; };
		06FC9405199CD4B000968309 /* RBTMemberDetailViewController.m in Sources */ = {isa = PBXBuildFile; fileRef = 06FC9404199CD4B000968309 /* RBTMemberDetailViewController.m */; };
/* End PBXBuildFile section */

/* Begin PBXContainerItemProxy section */
		06FC93DA199CB66300968309 /* PBXContainerItemProxy */ = {
			isa = PBXContainerItemProxy;
			containerPortal = 06FC93B2199CB66300968309 /* Project object */;
			proxyType = 1;
			remoteGlobalIDString = 06FC93B9199CB66300968309;
			remoteInfo = RibotChallenge;
		};
/* End PBXContainerItemProxy section */

/* Begin PBXFileReference section */
		06FC93BA199CB66300968309 /* RibotChallenge.app */ = {isa = PBXFileReference; explicitFileType = wrapper.application; includeInIndex = 0; path = RibotChallenge.app; sourceTree = BUILT_PRODUCTS_DIR; };
		06FC93BD199CB66300968309 /* Foundation.framework */ = {isa = PBXFileReference; lastKnownFileType = wrapper.framework; name = Foundation.framework; path = System/Library/Frameworks/Foundation.framework; sourceTree = SDKROOT; };
		06FC93BF199CB66300968309 /* CoreGraphics.framework */ = {isa = PBXFileReference; lastKnownFileType = wrapper.framework; name = CoreGraphics.framework; path = System/Library/Frameworks/CoreGraphics.framework; sourceTree = SDKROOT; };
		06FC93C1199CB66300968309 /* UIKit.framework */ = {isa = PBXFileReference; lastKnownFileType = wrapper.framework; name = UIKit.framework; path = System/Library/Frameworks/UIKit.framework; sourceTree = SDKROOT; };
		06FC93C5199CB66300968309 /* RibotChallenge-Info.plist */ = {isa = PBXFileReference; lastKnownFileType = text.plist.xml; path = "RibotChallenge-Info.plist"; sourceTree = "<group>"; };
		06FC93C7199CB66300968309 /* en */ = {isa = PBXFileReference; lastKnownFileType = text.plist.strings; name = en; path = en.lproj/InfoPlist.strings; sourceTree = "<group>"; };
		06FC93C9199CB66300968309 /* main.m */ = {isa = PBXFileReference; lastKnownFileType = sourcecode.c.objc; path = main.m; sourceTree = "<group>"; };
		06FC93CB199CB66300968309 /* RibotChallenge-Prefix.pch */ = {isa = PBXFileReference; lastKnownFileType = sourcecode.c.h; path = "RibotChallenge-Prefix.pch"; sourceTree = "<group>"; };
		06FC93CC199CB66300968309 /* RBTAppDelegate.h */ = {isa = PBXFileReference; lastKnownFileType = sourcecode.c.h; path = RBTAppDelegate.h; sourceTree = "<group>"; };
		06FC93CD199CB66300968309 /* RBTAppDelegate.m */ = {isa = PBXFileReference; lastKnownFileType = sourcecode.c.objc; path = RBTAppDelegate.m; sourceTree = "<group>"; };
		06FC93CF199CB66300968309 /* Images.xcassets */ = {isa = PBXFileReference; lastKnownFileType = folder.assetcatalog; path = Images.xcassets; sourceTree = "<group>"; };
		06FC93D5199CB66300968309 /* RibotChallengeTests.xctest */ = {isa = PBXFileReference; explicitFileType = wrapper.cfbundle; includeInIndex = 0; path = RibotChallengeTests.xctest; sourceTree = BUILT_PRODUCTS_DIR; };
		06FC93D6199CB66300968309 /* XCTest.framework */ = {isa = PBXFileReference; lastKnownFileType = wrapper.framework; name = XCTest.framework; path = Library/Frameworks/XCTest.framework; sourceTree = DEVELOPER_DIR; };
		06FC93DE199CB66300968309 /* RibotChallengeTests-Info.plist */ = {isa = PBXFileReference; lastKnownFileType = text.plist.xml; path = "RibotChallengeTests-Info.plist"; sourceTree = "<group>"; };
		06FC93E0199CB66300968309 /* en */ = {isa = PBXFileReference; lastKnownFileType = text.plist.strings; name = en; path = en.lproj/InfoPlist.strings; sourceTree = "<group>"; };
		06FC93E2199CB66300968309 /* RibotChallengeTests.m */ = {isa = PBXFileReference; lastKnownFileType = sourcecode.c.objc; path = RibotChallengeTests.m; sourceTree = "<group>"; };
		06FC93F0199CC8C400968309 /* MainStoryboard.storyboard */ = {isa = PBXFileReference; fileEncoding = 4; lastKnownFileType = file.storyboard; path = MainStoryboard.storyboard; sourceTree = "<group>"; };
		06FC93F5199CC9D600968309 /* RBTMembersCollectionViewController.h */ = {isa = PBXFileReference; fileEncoding = 4; lastKnownFileType = sourcecode.c.h; path = RBTMembersCollectionViewController.h; sourceTree = "<group>"; };
		06FC93F6199CC9D600968309 /* RBTMembersCollectionViewController.m */ = {isa = PBXFileReference; fileEncoding = 4; lastKnownFileType = sourcecode.c.objc; path = RBTMembersCollectionViewController.m; sourceTree = "<group>"; };
		06FC93F8199CCB9200968309 /* RBTRibotCell.h */ = {isa = PBXFileReference; fileEncoding = 4; lastKnownFileType = sourcecode.c.h; path = RBTRibotCell.h; sourceTree = "<group>"; };
		06FC93F9199CCB9200968309 /* RBTRibotCell.m */ = {isa = PBXFileReference; fileEncoding = 4; lastKnownFileType = sourcecode.c.objc; path = RBTRibotCell.m; sourceTree = "<group>"; };
		06FC93FB199CCBB900968309 /* RBTRibotCell.xib */ = {isa = PBXFileReference; fileEncoding = 4; lastKnownFileType = file.xib; path = RBTRibotCell.xib; sourceTree = "<group>"; };
		06FC93FD199CD1E900968309 /* RBTServiceCoordinator.h */ = {isa = PBXFileReference; fileEncoding = 4; lastKnownFileType = sourcecode.c.h; path = RBTServiceCoordinator.h; sourceTree = "<group>"; };
		06FC93FE199CD1E900968309 /* RBTServiceCoordinator.m */ = {isa = PBXFileReference; fileEncoding = 4; lastKnownFileType = sourcecode.c.objc; path = RBTServiceCoordinator.m; sourceTree = "<group>"; };
		06FC9400199CD29700968309 /* RBTRibot.h */ = {isa = PBXFileReference; fileEncoding = 4; lastKnownFileType = sourcecode.c.h; path = RBTRibot.h; sourceTree = "<group>"; };
		06FC9401199CD29700968309 /* RBTRibot.m */ = {isa = PBXFileReference; fileEncoding = 4; lastKnownFileType = sourcecode.c.objc; path = RBTRibot.m; sourceTree = "<group>"; };
		06FC9403199CD4B000968309 /* RBTMemberDetailViewController.h */ = {isa = PBXFileReference; fileEncoding = 4; lastKnownFileType = sourcecode.c.h; path = RBTMemberDetailViewController.h; sourceTree = "<group>"; };
		06FC9404199CD4B000968309 /* RBTMemberDetailViewController.m */ = {isa = PBXFileReference; fileEncoding = 4; lastKnownFileType = sourcecode.c.objc; path = RBTMemberDetailViewController.m; sourceTree = "<group>"; };
/* End PBXFileReference section */

/* Begin PBXFrameworksBuildPhase section */
		06FC93B7199CB66300968309 /* Frameworks */ = {
			isa = PBXFrameworksBuildPhase;
			buildActionMask = 2147483647;
			files = (
				06FC93C0199CB66300968309 /* CoreGraphics.framework in Frameworks */,
				06FC93C2199CB66300968309 /* UIKit.framework in Frameworks */,
				06FC93BE199CB66300968309 /* Foundation.framework in Frameworks */,
			);
			runOnlyForDeploymentPostprocessing = 0;
		};
		06FC93D2199CB66300968309 /* Frameworks */ = {
			isa = PBXFrameworksBuildPhase;
			buildActionMask = 2147483647;
			files = (
				06FC93D7199CB66300968309 /* XCTest.framework in Frameworks */,
				06FC93D9199CB66300968309 /* UIKit.framework in Frameworks */,
				06FC93D8199CB66300968309 /* Foundation.framework in Frameworks */,
			);
			runOnlyForDeploymentPostprocessing = 0;
		};
/* End PBXFrameworksBuildPhase section */

/* Begin PBXGroup section */
		06FC93B1199CB66300968309 = {
			isa = PBXGroup;
			children = (
				06FC93C3199CB66300968309 /* RibotChallenge */,
				06FC93DC199CB66300968309 /* RibotChallengeTests */,
				06FC93BC199CB66300968309 /* Frameworks */,
				06FC93BB199CB66300968309 /* Products */,
			);
			sourceTree = "<group>";
		};
		06FC93BB199CB66300968309 /* Products */ = {
			isa = PBXGroup;
			children = (
				06FC93BA199CB66300968309 /* RibotChallenge.app */,
				06FC93D5199CB66300968309 /* RibotChallengeTests.xctest */,
			);
			name = Products;
			sourceTree = "<group>";
		};
		06FC93BC199CB66300968309 /* Frameworks */ = {
			isa = PBXGroup;
			children = (
				06FC93BD199CB66300968309 /* Foundation.framework */,
				06FC93BF199CB66300968309 /* CoreGraphics.framework */,
				06FC93C1199CB66300968309 /* UIKit.framework */,
				06FC93D6199CB66300968309 /* XCTest.framework */,
			);
			name = Frameworks;
			sourceTree = "<group>";
		};
		06FC93C3199CB66300968309 /* RibotChallenge */ = {
			isa = PBXGroup;
			children = (
				06FC93CC199CB66300968309 /* RBTAppDelegate.h */,
				06FC93CD199CB66300968309 /* RBTAppDelegate.m */,
				06FC93EF199CC6D600968309 /* Services */,
				06FC93EE199CC6CE00968309 /* Controller */,
				06FC93ED199CC6C400968309 /* View */,
				06FC93EC199CC6B800968309 /* Model */,
				06FC93CF199CB66300968309 /* Images.xcassets */,
				06FC93C4199CB66300968309 /* Supporting Files */,
			);
			path = RibotChallenge;
			sourceTree = "<group>";
		};
		06FC93C4199CB66300968309 /* Supporting Files */ = {
			isa = PBXGroup;
			children = (
				06FC93C5199CB66300968309 /* RibotChallenge-Info.plist */,
				06FC93C6199CB66300968309 /* InfoPlist.strings */,
				06FC93C9199CB66300968309 /* main.m */,
				06FC93CB199CB66300968309 /* RibotChallenge-Prefix.pch */,
			);
			name = "Supporting Files";
			sourceTree = "<group>";
		};
		06FC93DC199CB66300968309 /* RibotChallengeTests */ = {
			isa = PBXGroup;
			children = (
				06FC93E2199CB66300968309 /* RibotChallengeTests.m */,
				06FC93DD199CB66300968309 /* Supporting Files */,
			);
			path = RibotChallengeTests;
			sourceTree = "<group>";
		};
		06FC93DD199CB66300968309 /* Supporting Files */ = {
			isa = PBXGroup;
			children = (
				06FC93DE199CB66300968309 /* RibotChallengeTests-Info.plist */,
				06FC93DF199CB66300968309 /* InfoPlist.strings */,
			);
			name = "Supporting Files";
			sourceTree = "<group>";
		};
		06FC93EC199CC6B800968309 /* Model */ = {
			isa = PBXGroup;
			children = (
				06FC9400199CD29700968309 /* RBTRibot.h */,
				06FC9401199CD29700968309 /* RBTRibot.m */,
			);
			name = Model;
			sourceTree = "<group>";
		};
		06FC93ED199CC6C400968309 /* View */ = {
			isa = PBXGroup;
			children = (
				06FC93F0199CC8C400968309 /* MainStoryboard.storyboard */,
				06FC93FB199CCBB900968309 /* RBTRibotCell.xib */,
			);
			name = View;
			sourceTree = "<group>";
		};
		06FC93EE199CC6CE00968309 /* Controller */ = {
			isa = PBXGroup;
			children = (
				06FC93F5199CC9D600968309 /* RBTMembersCollectionViewController.h */,
				06FC93F6199CC9D600968309 /* RBTMembersCollectionViewController.m */,
				06FC9403199CD4B000968309 /* RBTMemberDetailViewController.h */,
				06FC9404199CD4B000968309 /* RBTMemberDetailViewController.m */,
				06FC93F8199CCB9200968309 /* RBTRibotCell.h */,
				06FC93F9199CCB9200968309 /* RBTRibotCell.m */,
			);
			name = Controller;
			sourceTree = "<group>";
		};
		06FC93EF199CC6D600968309 /* Services */ = {
			isa = PBXGroup;
			children = (
				06FC93FD199CD1E900968309 /* RBTServiceCoordinator.h */,
				06FC93FE199CD1E900968309 /* RBTServiceCoordinator.m */,
			);
			name = Services;
			sourceTree = "<group>";
		};
/* End PBXGroup section */

/* Begin PBXNativeTarget section */
		06FC93B9199CB66300968309 /* RibotChallenge */ = {
			isa = PBXNativeTarget;
			buildConfigurationList = 06FC93E6199CB66300968309 /* Build configuration list for PBXNativeTarget "RibotChallenge" */;
			buildPhases = (
				06FC93B6199CB66300968309 /* Sources */,
				06FC93B7199CB66300968309 /* Frameworks */,
				06FC93B8199CB66300968309 /* Resources */,
			);
			buildRules = (
			);
			dependencies = (
			);
			name = RibotChallenge;
			productName = RibotChallenge;
			productReference = 06FC93BA199CB66300968309 /* RibotChallenge.app */;
			productType = "com.apple.product-type.application";
		};
		06FC93D4199CB66300968309 /* RibotChallengeTests */ = {
			isa = PBXNativeTarget;
			buildConfigurationList = 06FC93E9199CB66300968309 /* Build configuration list for PBXNativeTarget "RibotChallengeTests" */;
			buildPhases = (
				06FC93D1199CB66300968309 /* Sources */,
				06FC93D2199CB66300968309 /* Frameworks */,
				06FC93D3199CB66300968309 /* Resources */,
			);
			buildRules = (
			);
			dependencies = (
				06FC93DB199CB66300968309 /* PBXTargetDependency */,
			);
			name = RibotChallengeTests;
			productName = RibotChallengeTests;
			productReference = 06FC93D5199CB66300968309 /* RibotChallengeTests.xctest */;
			productType = "com.apple.product-type.bundle.unit-test";
		};
/* End PBXNativeTarget section */

/* Begin PBXProject section */
		06FC93B2199CB66300968309 /* Project object */ = {
			isa = PBXProject;
			attributes = {
				CLASSPREFIX = RBT;
				LastUpgradeCheck = 0510;
				ORGANIZATIONNAME = IsHass;
				TargetAttributes = {
					06FC93D4199CB66300968309 = {
						TestTargetID = 06FC93B9199CB66300968309;
					};
				};
			};
			buildConfigurationList = 06FC93B5199CB66300968309 /* Build configuration list for PBXProject "RibotChallenge" */;
			compatibilityVersion = "Xcode 3.2";
			developmentRegion = English;
			hasScannedForEncodings = 0;
			knownRegions = (
				en,
			);
			mainGroup = 06FC93B1199CB66300968309;
			productRefGroup = 06FC93BB199CB66300968309 /* Products */;
			projectDirPath = "";
			projectRoot = "";
			targets = (
				06FC93B9199CB66300968309 /* RibotChallenge */,
				06FC93D4199CB66300968309 /* RibotChallengeTests */,
			);
		};
/* End PBXProject section */

/* Begin PBXResourcesBuildPhase section */
		06FC93B8199CB66300968309 /* Resources */ = {
			isa = PBXResourcesBuildPhase;
			buildActionMask = 2147483647;
			files = (
				06FC93F1199CC8C400968309 /* MainStoryboard.storyboard in Resources */,
				06FC93FC199CCBB900968309 /* RBTRibotCell.xib in Resources */,
				06FC93C8199CB66300968309 /* InfoPlist.strings in Resources */,
				06FC93D0199CB66300968309 /* Images.xcassets in Resources */,
			);
			runOnlyForDeploymentPostprocessing = 0;
		};
		06FC93D3199CB66300968309 /* Resources */ = {
			isa = PBXResourcesBuildPhase;
			buildActionMask = 2147483647;
			files = (
				06FC93E1199CB66300968309 /* InfoPlist.strings in Resources */,
			);
			runOnlyForDeploymentPostprocessing = 0;
		};
/* End PBXResourcesBuildPhase section */

/* Begin PBXSourcesBuildPhase section */
		06FC93B6199CB66300968309 /* Sources */ = {
			isa = PBXSourcesBuildPhase;
			buildActionMask = 2147483647;
			files = (
				06FC93F7199CC9D600968309 /* RBTMembersCollectionViewController.m in Sources */,
				06FC9402199CD29700968309 /* RBTRibot.m in Sources */,
				06FC93FF199CD1E900968309 /* RBTServiceCoordinator.m in Sources */,
				06FC93FA199CCB9200968309 /* RBTRibotCell.m in Sources */,
				06FC93CA199CB66300968309 /* main.m in Sources */,
				06FC9405199CD4B000968309 /* RBTMemberDetailViewController.m in Sources */,
				06FC93CE199CB66300968309 /* RBTAppDelegate.m in Sources */,
			);
			runOnlyForDeploymentPostprocessing = 0;
		};
		06FC93D1199CB66300968309 /* Sources */ = {
			isa = PBXSourcesBuildPhase;
			buildActionMask = 2147483647;
			files = (
				06FC93E3199CB66300968309 /* RibotChallengeTests.m in Sources */,
			);
			runOnlyForDeploymentPostprocessing = 0;
		};
/* End PBXSourcesBuildPhase section */

/* Begin PBXTargetDependency section */
		06FC93DB199CB66300968309 /* PBXTargetDependency */ = {
			isa = PBXTargetDependency;
			target = 06FC93B9199CB66300968309 /* RibotChallenge */;
			targetProxy = 06FC93DA199CB66300968309 /* PBXContainerItemProxy */;
		};
/* End PBXTargetDependency section */

/* Begin PBXVariantGroup section */
		06FC93C6199CB66300968309 /* InfoPlist.strings */ = {
			isa = PBXVariantGroup;
			children = (
				06FC93C7199CB66300968309 /* en */,
			);
			name = InfoPlist.strings;
			sourceTree = "<group>";
		};
		06FC93DF199CB66300968309 /* InfoPlist.strings */ = {
			isa = PBXVariantGroup;
			children = (
				06FC93E0199CB66300968309 /* en */,
			);
			name = InfoPlist.strings;
			sourceTree = "<group>";
		};
/* End PBXVariantGroup section */

/* Begin XCBuildConfiguration section */
		06FC93E4199CB66300968309 /* Debug */ = {
			isa = XCBuildConfiguration;
			buildSettings = {
				ALWAYS_SEARCH_USER_PATHS = NO;
				CLANG_CXX_LANGUAGE_STANDARD = "gnu++0x";
				CLANG_CXX_LIBRARY = "libc++";
				CLANG_ENABLE_MODULES = YES;
				CLANG_ENABLE_OBJC_ARC = YES;
				CLANG_WARN_BOOL_CONVERSION = YES;
				CLANG_WARN_CONSTANT_CONVERSION = YES;
				CLANG_WARN_DIRECT_OBJC_ISA_USAGE = YES_ERROR;
				CLANG_WARN_EMPTY_BODY = YES;
				CLANG_WARN_ENUM_CONVERSION = YES;
				CLANG_WARN_INT_CONVERSION = YES;
				CLANG_WARN_OBJC_ROOT_CLASS = YES_ERROR;
				CLANG_WARN__DUPLICATE_METHOD_MATCH = YES;
				"CODE_SIGN_IDENTITY[sdk=iphoneos*]" = "iPhone Developer";
				COPY_PHASE_STRIP = NO;
				GCC_C_LANGUAGE_STANDARD = gnu99;
				GCC_DYNAMIC_NO_PIC = NO;
				GCC_OPTIMIZATION_LEVEL = 0;
				GCC_PREPROCESSOR_DEFINITIONS = (
					"DEBUG=1",
					"$(inherited)",
				);
				GCC_SYMBOLS_PRIVATE_EXTERN = NO;
				GCC_WARN_64_TO_32_BIT_CONVERSION = YES;
				GCC_WARN_ABOUT_RETURN_TYPE = YES_ERROR;
				GCC_WARN_UNDECLARED_SELECTOR = YES;
				GCC_WARN_UNINITIALIZED_AUTOS = YES_AGGRESSIVE;
				GCC_WARN_UNUSED_FUNCTION = YES;
				GCC_WARN_UNUSED_VARIABLE = YES;
				IPHONEOS_DEPLOYMENT_TARGET = 7.1;
				ONLY_ACTIVE_ARCH = YES;
				SDKROOT = iphoneos;
				TARGETED_DEVICE_FAMILY = 2;
			};
			name = Debug;
		};
		06FC93E5199CB66300968309 /* Release */ = {
			isa = XCBuildConfiguration;
			buildSettings = {
				ALWAYS_SEARCH_USER_PATHS = NO;
				CLANG_CXX_LANGUAGE_STANDARD = "gnu++0x";
				CLANG_CXX_LIBRARY = "libc++";
				CLANG_ENABLE_MODULES = YES;
				CLANG_ENABLE_OBJC_ARC = YES;
				CLANG_WARN_BOOL_CONVERSION = YES;
				CLANG_WARN_CONSTANT_CONVERSION = YES;
				CLANG_WARN_DIRECT_OBJC_ISA_USAGE = YES_ERROR;
				CLANG_WARN_EMPTY_BODY = YES;
				CLANG_WARN_ENUM_CONVERSION = YES;
				CLANG_WARN_INT_CONVERSION = YES;
				CLANG_WARN_OBJC_ROOT_CLASS = YES_ERROR;
				CLANG_WARN__DUPLICATE_METHOD_MATCH = YES;
				"CODE_SIGN_IDENTITY[sdk=iphoneos*]" = "iPhone Developer";
				COPY_PHASE_STRIP = YES;
				ENABLE_NS_ASSERTIONS = NO;
				GCC_C_LANGUAGE_STANDARD = gnu99;
				GCC_WARN_64_TO_32_BIT_CONVERSION = YES;
				GCC_WARN_ABOUT_RETURN_TYPE = YES_ERROR;
				GCC_WARN_UNDECLARED_SELECTOR = YES;
				GCC_WARN_UNINITIALIZED_AUTOS = YES_AGGRESSIVE;
				GCC_WARN_UNUSED_FUNCTION = YES;
				GCC_WARN_UNUSED_VARIABLE = YES;
				IPHONEOS_DEPLOYMENT_TARGET = 7.1;
				SDKROOT = iphoneos;
				TARGETED_DEVICE_FAMILY = 2;
				VALIDATE_PRODUCT = YES;
			};
			name = Release;
		};
		06FC93E7199CB66300968309 /* Debug */ = {
			isa = XCBuildConfiguration;
			buildSettings = {
				ASSETCATALOG_COMPILER_APPICON_NAME = AppIcon;
				ASSETCATALOG_COMPILER_LAUNCHIMAGE_NAME = LaunchImage;
				GCC_PRECOMPILE_PREFIX_HEADER = YES;
				GCC_PREFIX_HEADER = "RibotChallenge/RibotChallenge-Prefix.pch";
				INFOPLIST_FILE = "RibotChallenge/RibotChallenge-Info.plist";
				PRODUCT_NAME = "$(TARGET_NAME)";
				WRAPPER_EXTENSION = app;
			};
			name = Debug;
		};
		06FC93E8199CB66300968309 /* Release */ = {
			isa = XCBuildConfiguration;
			buildSettings = {
				ASSETCATALOG_COMPILER_APPICON_NAME = AppIcon;
				ASSETCATALOG_COMPILER_LAUNCHIMAGE_NAME = LaunchImage;
				GCC_PRECOMPILE_PREFIX_HEADER = YES;
				GCC_PREFIX_HEADER = "RibotChallenge/RibotChallenge-Prefix.pch";
				INFOPLIST_FILE = "RibotChallenge/RibotChallenge-Info.plist";
				PRODUCT_NAME = "$(TARGET_NAME)";
				WRAPPER_EXTENSION = app;
			};
			name = Release;
		};
		06FC93EA199CB66300968309 /* Debug */ = {
			isa = XCBuildConfiguration;
			buildSettings = {
				BUNDLE_LOADER = "$(BUILT_PRODUCTS_DIR)/RibotChallenge.app/RibotChallenge";
				FRAMEWORK_SEARCH_PATHS = (
					"$(SDKROOT)/Developer/Library/Frameworks",
					"$(inherited)",
					"$(DEVELOPER_FRAMEWORKS_DIR)",
				);
				GCC_PRECOMPILE_PREFIX_HEADER = YES;
				GCC_PREFIX_HEADER = "RibotChallenge/RibotChallenge-Prefix.pch";
				GCC_PREPROCESSOR_DEFINITIONS = (
					"DEBUG=1",
					"$(inherited)",
				);
				INFOPLIST_FILE = "RibotChallengeTests/RibotChallengeTests-Info.plist";
				PRODUCT_NAME = "$(TARGET_NAME)";
				TEST_HOST = "$(BUNDLE_LOADER)";
				WRAPPER_EXTENSION = xctest;
			};
			name = Debug;
		};
		06FC93EB199CB66300968309 /* Release */ = {
			isa = XCBuildConfiguration;
			buildSettings = {
				BUNDLE_LOADER = "$(BUILT_PRODUCTS_DIR)/RibotChallenge.app/RibotChallenge";
				FRAMEWORK_SEARCH_PATHS = (
					"$(SDKROOT)/Developer/Library/Frameworks",
					"$(inherited)",
					"$(DEVELOPER_FRAMEWORKS_DIR)",
				);
				GCC_PRECOMPILE_PREFIX_HEADER = YES;
				GCC_PREFIX_HEADER = "RibotChallenge/RibotChallenge-Prefix.pch";
				INFOPLIST_FILE = "RibotChallengeTests/RibotChallengeTests-Info.plist";
				PRODUCT_NAME = "$(TARGET_NAME)";
				TEST_HOST = "$(BUNDLE_LOADER)";
				WRAPPER_EXTENSION = xctest;
			};
			name = Release;
		};
/* End XCBuildConfiguration section */

/* Begin XCConfigurationList section */
		06FC93B5199CB66300968309 /* Build configuration list for PBXProject "RibotChallenge" */ = {
			isa = XCConfigurationList;
			buildConfigurations = (
				06FC93E4199CB66300968309 /* Debug */,
				06FC93E5199CB66300968309 /* Release */,
			);
			defaultConfigurationIsVisible = 0;
			defaultConfigurationName = Release;
		};
		06FC93E6199CB66300968309 /* Build configuration list for PBXNativeTarget "RibotChallenge" */ = {
			isa = XCConfigurationList;
			buildConfigurations = (
				06FC93E7199CB66300968309 /* Debug */,
				06FC93E8199CB66300968309 /* Release */,
			);
			defaultConfigurationIsVisible = 0;
		};
		06FC93E9199CB66300968309 /* Build configuration list for PBXNativeTarget "RibotChallengeTests" */ = {
			isa = XCConfigurationList;
			buildConfigurations = (
				06FC93EA199CB66300968309 /* Debug */,
				06FC93EB199CB66300968309 /* Release */,
			);
			defaultConfigurationIsVisible = 0;
		};
/* End XCConfigurationList section */
	};
	rootObject = 06FC93B2199CB66300968309 /* Project object */;
}
